
Microsoft Visual Studio Solution File, Format Version 12.00
# Visual Studio Version 16
VisualStudioVersion = 16.0.29201.188
MinimumVisualStudioVersion = 10.0.40219.1
Project("{F184B08F-C81C-45F6-A57F-5ABD9991F28F}") = "SearchLastName", "SearchLastName.vbproj", "{6BECC3F0-4899-4BE4-9CCB-A0ACC5F28ED5}"
EndProject
Global
	GlobalSection(SolutionConfigurationPlatforms) = preSolution
		Debug|Any CPU = Debug|Any CPU
		Release|Any CPU = Release|Any CPU
	EndGlobalSection
	GlobalSection(ProjectConfigurationPlatforms) = postSolution
		{6BECC3F0-4899-4BE4-9CCB-A0ACC5F28ED5}.Debug|Any CPU.ActiveCfg = Debug|Any CPU
		{6BECC3F0-4899-4BE4-9CCB-A0ACC5F28ED5}.Debug|Any CPU.Build.0 = Debug|Any CPU
		{6BECC3F0-4899-4BE4-9CCB-A0ACC5F28ED5}.Release|Any CPU.ActiveCfg = Release|Any CPU
		{6BECC3F0-4899-4BE4-9CCB-A0ACC5F28ED5}.Release|Any CPU.Build.0 = Release|Any CPU
	EndGlobalSection
	GlobalSection(SolutionProperties) = preSolution
		HideSolutionNode = FALSE
	EndGlobalSection
	GlobalSection(ExtensibilityGlobals) = postSolution
		SolutionGuid = {BBFDABB7-3210-4FEF-860E-9227EF891799}
	EndGlobalSection
EndGlobal
